
Microsoft Visual Studio Solution File, Format Version 12.00
# Visual Studio 15
VisualStudioVersion = 15.0.28307.168
MinimumVisualStudioVersion = 10.0.40219.1
Project("{FAE04EC0-301F-11D3-BF4B-00C04F79EFBC}") = "envio-cosmos", "envio-cosmos\envio-cosmos.csproj", "{AF6C08A6-858C-4D0E-9219-AB9A706888B5}"
EndProject
Global
	GlobalSection(SolutionConfigurationPlatforms) = preSolution
		Debug|Any CPU = Debug|Any CPU
		Release|Any CPU = Release|Any CPU
	EndGlobalSection
	GlobalSection(ProjectConfigurationPlatforms) = postSolution
		{AF6C08A6-858C-4D0E-9219-AB9A706888B5}.Debug|Any CPU.ActiveCfg = Debug|Any CPU
		{AF6C08A6-858C-4D0E-9219-AB9A706888B5}.Debug|Any CPU.Build.0 = Debug|Any CPU
		{AF6C08A6-858C-4D0E-9219-AB9A706888B5}.Release|Any CPU.ActiveCfg = Release|Any CPU
		{AF6C08A6-858C-4D0E-9219-AB9A706888B5}.Release|Any CPU.Build.0 = Release|Any CPU
	EndGlobalSection
	GlobalSection(SolutionProperties) = preSolution
		HideSolutionNode = FALSE
	EndGlobalSection
	GlobalSection(ExtensibilityGlobals) = postSolution
		SolutionGuid = {7F843466-5912-437E-AC81-BCCBD50DD3E3}
	EndGlobalSection
EndGlobal
